
Microsoft Visual Studio Solution File, Format Version 12.00
# Visual Studio Version 17
VisualStudioVersion = 17.0.32112.339
MinimumVisualStudioVersion = 10.0.40219.1
Project("{FAE04EC0-301F-11D3-BF4B-00C04F79EFBC}") = "Cs_ProductClient", "Cs_ProductClient.csproj", "{7FA2A8AB-A27B-40FC-95B2-1AD0C4CE4763}"
EndProject
Project("{9A19103F-16F7-4668-BE54-9A1E7A4F7556}") = "Cs_ProCatApi", "..\Cs_ProCatApi\Cs_ProCatApi.csproj", "{094EFF41-4029-4940-B8D0-6B0854C16BE9}"
EndProject
Global
	GlobalSection(SolutionConfigurationPlatforms) = preSolution
		Debug|Any CPU = Debug|Any CPU
		Release|Any CPU = Release|Any CPU
	EndGlobalSection
	GlobalSection(ProjectConfigurationPlatforms) = postSolution
		{7FA2A8AB-A27B-40FC-95B2-1AD0C4CE4763}.Debug|Any CPU.ActiveCfg = Debug|Any CPU
		{7FA2A8AB-A27B-40FC-95B2-1AD0C4CE4763}.Debug|Any CPU.Build.0 = Debug|Any CPU
		{7FA2A8AB-A27B-40FC-95B2-1AD0C4CE4763}.Release|Any CPU.ActiveCfg = Release|Any CPU
		{7FA2A8AB-A27B-40FC-95B2-1AD0C4CE4763}.Release|Any CPU.Build.0 = Release|Any CPU
		{094EFF41-4029-4940-B8D0-6B0854C16BE9}.Debug|Any CPU.ActiveCfg = Debug|Any CPU
		{094EFF41-4029-4940-B8D0-6B0854C16BE9}.Debug|Any CPU.Build.0 = Debug|Any CPU
		{094EFF41-4029-4940-B8D0-6B0854C16BE9}.Release|Any CPU.ActiveCfg = Release|Any CPU
		{094EFF41-4029-4940-B8D0-6B0854C16BE9}.Release|Any CPU.Build.0 = Release|Any CPU
	EndGlobalSection
	GlobalSection(SolutionProperties) = preSolution
		HideSolutionNode = FALSE
	EndGlobalSection
	GlobalSection(ExtensibilityGlobals) = postSolution
		SolutionGuid = {021F15BD-B415-4902-BD1B-80049BBDA610}
	EndGlobalSection
EndGlobal
