
Microsoft Visual Studio Solution File, Format Version 12.00
# Visual Studio Version 17
VisualStudioVersion = 17.0.32112.339
MinimumVisualStudioVersion = 10.0.40219.1
Project("{FAE04EC0-301F-11D3-BF4B-00C04F79EFBC}") = "ConsoleApp2", "ConsoleApp2.csproj", "{290D9E57-7721-4AD7-985F-30CB96AA9183}"
EndProject
Global
	GlobalSection(SolutionConfigurationPlatforms) = preSolution
		Debug|Any CPU = Debug|Any CPU
		Release|Any CPU = Release|Any CPU
	EndGlobalSection
	GlobalSection(ProjectConfigurationPlatforms) = postSolution
		{290D9E57-7721-4AD7-985F-30CB96AA9183}.Debug|Any CPU.ActiveCfg = Debug|Any CPU
		{290D9E57-7721-4AD7-985F-30CB96AA9183}.Debug|Any CPU.Build.0 = Debug|Any CPU
		{290D9E57-7721-4AD7-985F-30CB96AA9183}.Release|Any CPU.ActiveCfg = Release|Any CPU
		{290D9E57-7721-4AD7-985F-30CB96AA9183}.Release|Any CPU.Build.0 = Release|Any CPU
	EndGlobalSection
	GlobalSection(SolutionProperties) = preSolution
		HideSolutionNode = FALSE
	EndGlobalSection
	GlobalSection(ExtensibilityGlobals) = postSolution
		SolutionGuid = {24DA1933-4571-4A84-AAC5-39C1A8076993}
	EndGlobalSection
EndGlobal
