
Microsoft Visual Studio Solution File, Format Version 12.00
# Visual Studio Version 17
VisualStudioVersion = 17.0.32112.339
MinimumVisualStudioVersion = 10.0.40219.1
Project("{9A19103F-16F7-4668-BE54-9A1E7A4F7556}") = "Cs.Serialization", "..\Cs.Serialization\Cs.Serialization.csproj", "{B80E5799-0E82-4481-8896-243691297D0E}"
EndProject
Global
	GlobalSection(SolutionConfigurationPlatforms) = preSolution
		Debug|Any CPU = Debug|Any CPU
		Release|Any CPU = Release|Any CPU
	EndGlobalSection
	GlobalSection(ProjectConfigurationPlatforms) = postSolution
		{B80E5799-0E82-4481-8896-243691297D0E}.Debug|Any CPU.ActiveCfg = Debug|Any CPU
		{B80E5799-0E82-4481-8896-243691297D0E}.Debug|Any CPU.Build.0 = Debug|Any CPU
		{B80E5799-0E82-4481-8896-243691297D0E}.Release|Any CPU.ActiveCfg = Release|Any CPU
		{B80E5799-0E82-4481-8896-243691297D0E}.Release|Any CPU.Build.0 = Release|Any CPU
	EndGlobalSection
	GlobalSection(SolutionProperties) = preSolution
		HideSolutionNode = FALSE
	EndGlobalSection
	GlobalSection(ExtensibilityGlobals) = postSolution
		SolutionGuid = {3F8AB3B9-3A9E-457F-9155-4AB95F5375AB}
	EndGlobalSection
EndGlobal
