
Microsoft Visual Studio Solution File, Format Version 12.00
# Visual Studio Version 17
VisualStudioVersion = 17.0.32112.339
MinimumVisualStudioVersion = 10.0.40219.1
Project("{9A19103F-16F7-4668-BE54-9A1E7A4F7556}") = "Cs_Connected architecture", "Cs_Connected architecture.csproj", "{DF54511F-5686-407D-A28D-557446308632}"
EndProject
Project("{9A19103F-16F7-4668-BE54-9A1E7A4F7556}") = "Cs_Disconnected Architecture", "..\Cs_Disconnected Architecture\Cs_Disconnected Architecture.csproj", "{1C85E1D4-6FD5-4DFB-A956-671A63D738A8}"
EndProject
Global
	GlobalSection(SolutionConfigurationPlatforms) = preSolution
		Debug|Any CPU = Debug|Any CPU
		Release|Any CPU = Release|Any CPU
	EndGlobalSection
	GlobalSection(ProjectConfigurationPlatforms) = postSolution
		{DF54511F-5686-407D-A28D-557446308632}.Debug|Any CPU.ActiveCfg = Debug|Any CPU
		{DF54511F-5686-407D-A28D-557446308632}.Debug|Any CPU.Build.0 = Debug|Any CPU
		{DF54511F-5686-407D-A28D-557446308632}.Release|Any CPU.ActiveCfg = Release|Any CPU
		{DF54511F-5686-407D-A28D-557446308632}.Release|Any CPU.Build.0 = Release|Any CPU
		{1C85E1D4-6FD5-4DFB-A956-671A63D738A8}.Debug|Any CPU.ActiveCfg = Debug|Any CPU
		{1C85E1D4-6FD5-4DFB-A956-671A63D738A8}.Debug|Any CPU.Build.0 = Debug|Any CPU
		{1C85E1D4-6FD5-4DFB-A956-671A63D738A8}.Release|Any CPU.ActiveCfg = Release|Any CPU
		{1C85E1D4-6FD5-4DFB-A956-671A63D738A8}.Release|Any CPU.Build.0 = Release|Any CPU
	EndGlobalSection
	GlobalSection(SolutionProperties) = preSolution
		HideSolutionNode = FALSE
	EndGlobalSection
	GlobalSection(ExtensibilityGlobals) = postSolution
		SolutionGuid = {394D49D9-2173-49BF-A737-90C799268BC4}
	EndGlobalSection
EndGlobal
