
Microsoft Visual Studio Solution File, Format Version 12.00
# Visual Studio Version 17
VisualStudioVersion = 17.0.32112.339
MinimumVisualStudioVersion = 10.0.40219.1
Project("{FAE04EC0-301F-11D3-BF4B-00C04F79EFBC}") = "NullCoalescingCharacter", "NullCoalescingCharacter.csproj", "{4187FE1A-F642-46A3-B742-3EF104E43C02}"
EndProject
Global
	GlobalSection(SolutionConfigurationPlatforms) = preSolution
		Debug|Any CPU = Debug|Any CPU
		Release|Any CPU = Release|Any CPU
	EndGlobalSection
	GlobalSection(ProjectConfigurationPlatforms) = postSolution
		{4187FE1A-F642-46A3-B742-3EF104E43C02}.Debug|Any CPU.ActiveCfg = Debug|Any CPU
		{4187FE1A-F642-46A3-B742-3EF104E43C02}.Debug|Any CPU.Build.0 = Debug|Any CPU
		{4187FE1A-F642-46A3-B742-3EF104E43C02}.Release|Any CPU.ActiveCfg = Release|Any CPU
		{4187FE1A-F642-46A3-B742-3EF104E43C02}.Release|Any CPU.Build.0 = Release|Any CPU
	EndGlobalSection
	GlobalSection(SolutionProperties) = preSolution
		HideSolutionNode = FALSE
	EndGlobalSection
	GlobalSection(ExtensibilityGlobals) = postSolution
		SolutionGuid = {6CAD2732-7554-403D-85F5-193A2E071558}
	EndGlobalSection
EndGlobal
