
Microsoft Visual Studio Solution File, Format Version 12.00
# Visual Studio Version 17
VisualStudioVersion = 17.0.32112.339
MinimumVisualStudioVersion = 10.0.40219.1
Project("{FAE04EC0-301F-11D3-BF4B-00C04F79EFBC}") = "cs_Using Publish", "cs_Using Publish.csproj", "{4227DC9E-4E0D-4A1D-B5A8-816F72D0C1D1}"
EndProject
Global
	GlobalSection(SolutionConfigurationPlatforms) = preSolution
		Debug|Any CPU = Debug|Any CPU
		Release|Any CPU = Release|Any CPU
	EndGlobalSection
	GlobalSection(ProjectConfigurationPlatforms) = postSolution
		{4227DC9E-4E0D-4A1D-B5A8-816F72D0C1D1}.Debug|Any CPU.ActiveCfg = Debug|Any CPU
		{4227DC9E-4E0D-4A1D-B5A8-816F72D0C1D1}.Debug|Any CPU.Build.0 = Debug|Any CPU
		{4227DC9E-4E0D-4A1D-B5A8-816F72D0C1D1}.Release|Any CPU.ActiveCfg = Release|Any CPU
		{4227DC9E-4E0D-4A1D-B5A8-816F72D0C1D1}.Release|Any CPU.Build.0 = Release|Any CPU
	EndGlobalSection
	GlobalSection(SolutionProperties) = preSolution
		HideSolutionNode = FALSE
	EndGlobalSection
	GlobalSection(ExtensibilityGlobals) = postSolution
		SolutionGuid = {E09F0654-8926-467D-910D-2E967B2CB803}
	EndGlobalSection
EndGlobal
