
Microsoft Visual Studio Solution File, Format Version 12.00
# Visual Studio Version 17
VisualStudioVersion = 17.0.32112.339
MinimumVisualStudioVersion = 10.0.40219.1
Project("{FAE04EC0-301F-11D3-BF4B-00C04F79EFBC}") = "Cs_AjaxHelper", "Cs_AjaxHelper.csproj", "{1853C0F1-7627-4AE8-A8FD-27E4010E907A}"
EndProject
Global
	GlobalSection(SolutionConfigurationPlatforms) = preSolution
		Debug|Any CPU = Debug|Any CPU
		Release|Any CPU = Release|Any CPU
	EndGlobalSection
	GlobalSection(ProjectConfigurationPlatforms) = postSolution
		{1853C0F1-7627-4AE8-A8FD-27E4010E907A}.Debug|Any CPU.ActiveCfg = Debug|Any CPU
		{1853C0F1-7627-4AE8-A8FD-27E4010E907A}.Debug|Any CPU.Build.0 = Debug|Any CPU
		{1853C0F1-7627-4AE8-A8FD-27E4010E907A}.Release|Any CPU.ActiveCfg = Release|Any CPU
		{1853C0F1-7627-4AE8-A8FD-27E4010E907A}.Release|Any CPU.Build.0 = Release|Any CPU
	EndGlobalSection
	GlobalSection(SolutionProperties) = preSolution
		HideSolutionNode = FALSE
	EndGlobalSection
	GlobalSection(ExtensibilityGlobals) = postSolution
		SolutionGuid = {2ECA0560-13A8-4F8A-A376-C106BE40B267}
	EndGlobalSection
EndGlobal
