
Microsoft Visual Studio Solution File, Format Version 12.00
# Visual Studio Version 17
VisualStudioVersion = 17.0.32112.339
MinimumVisualStudioVersion = 10.0.40219.1
Project("{FAE04EC0-301F-11D3-BF4B-00C04F79EFBC}") = "Interfaces", "Interfaces.csproj", "{446CA885-5FF1-41EB-A945-26F12C85A346}"
EndProject
Global
	GlobalSection(SolutionConfigurationPlatforms) = preSolution
		Debug|Any CPU = Debug|Any CPU
		Release|Any CPU = Release|Any CPU
	EndGlobalSection
	GlobalSection(ProjectConfigurationPlatforms) = postSolution
		{446CA885-5FF1-41EB-A945-26F12C85A346}.Debug|Any CPU.ActiveCfg = Debug|Any CPU
		{446CA885-5FF1-41EB-A945-26F12C85A346}.Debug|Any CPU.Build.0 = Debug|Any CPU
		{446CA885-5FF1-41EB-A945-26F12C85A346}.Release|Any CPU.ActiveCfg = Release|Any CPU
		{446CA885-5FF1-41EB-A945-26F12C85A346}.Release|Any CPU.Build.0 = Release|Any CPU
	EndGlobalSection
	GlobalSection(SolutionProperties) = preSolution
		HideSolutionNode = FALSE
	EndGlobalSection
	GlobalSection(ExtensibilityGlobals) = postSolution
		SolutionGuid = {A2DD080B-0436-4F2B-A4A3-4F589797DF75}
	EndGlobalSection
EndGlobal
